
Microsoft Visual Studio Solution File, Format Version 12.00
# Visual Studio Version 16
VisualStudioVersion = 16.0.29519.87
MinimumVisualStudioVersion = 10.0.40219.1
EndProject
Project("{FAE04EC0-301F-11D3-BF4B-00C04F79EFBC}") = "lesson01", "lesson01\lesson01.csproj", "{A93D7F94-6E6B-4C3E-8583-91FEF59B9D68}"
EndProject
Project("{2150E333-8FDC-42A3-9474-1A3956D46DE8}") = "lesson01", "lesson01", "{458E59EE-2DF7-4CF9-9FAE-1118DEBDEF07}"
EndProject
Global
	GlobalSection(SolutionConfigurationPlatforms) = preSolution
		Debug|Any CPU = Debug|Any CPU
		Release|Any CPU = Release|Any CPU
	EndGlobalSection
	GlobalSection(ProjectConfigurationPlatforms) = postSolution
		{A93D7F94-6E6B-4C3E-8583-91FEF59B9D68}.Debug|Any CPU.ActiveCfg = Debug|Any CPU
		{A93D7F94-6E6B-4C3E-8583-91FEF59B9D68}.Debug|Any CPU.Build.0 = Debug|Any CPU
		{A93D7F94-6E6B-4C3E-8583-91FEF59B9D68}.Release|Any CPU.ActiveCfg = Release|Any CPU
		{A93D7F94-6E6B-4C3E-8583-91FEF59B9D68}.Release|Any CPU.Build.0 = Release|Any CPU
	EndGlobalSection
	GlobalSection(SolutionProperties) = preSolution
		HideSolutionNode = FALSE
	EndGlobalSection
	GlobalSection(NestedProjects) = preSolution
		{A93D7F94-6E6B-4C3E-8583-91FEF59B9D68} = {458E59EE-2DF7-4CF9-9FAE-1118DEBDEF07}
	EndGlobalSection
	GlobalSection(ExtensibilityGlobals) = postSolution
		SolutionGuid = {4A56D6BC-D6E9-4D3A-B237-56B434F9C964}
	EndGlobalSection
EndGlobal
