
Microsoft Visual Studio Solution File, Format Version 12.00
# Visual Studio Version 16
VisualStudioVersion = 16.0.29519.87
MinimumVisualStudioVersion = 10.0.40219.1
Project("{9A19103F-16F7-4668-BE54-9A1E7A4F7556}") = "task02", "lesson02\task02\task02.csproj", "{F0631EA2-EF80-4705-B903-F161D3E2DBDC}"
EndProject
Project("{2150E333-8FDC-42A3-9474-1A3956D46DE8}") = "lesson02", "lesson02", "{E9F45C4E-B0B4-4699-B6A8-C3C180FD0970}"
EndProject
Project("{9A19103F-16F7-4668-BE54-9A1E7A4F7556}") = "lesson01", "lesson01\lesson01.csproj", "{A93D7F94-6E6B-4C3E-8583-91FEF59B9D68}"
EndProject
Project("{2150E333-8FDC-42A3-9474-1A3956D46DE8}") = "lesson01", "lesson01", "{458E59EE-2DF7-4CF9-9FAE-1118DEBDEF07}"
EndProject
Project("{9A19103F-16F7-4668-BE54-9A1E7A4F7556}") = "task01", "lesson02\task01\task01.csproj", "{328C53B3-2BDA-412F-8C5C-ADB59E643CAA}"
EndProject
Project("{9A19103F-16F7-4668-BE54-9A1E7A4F7556}") = "task03", "lesson02\task03\task03.csproj", "{8BE91965-0C9A-4E79-A42B-A226E8777BB5}"
EndProject
Project("{9A19103F-16F7-4668-BE54-9A1E7A4F7556}") = "task04", "lesson02\task04\task04.csproj", "{AA058B0D-8E9A-4267-98FE-9728E748D5E1}"
EndProject
Project("{9A19103F-16F7-4668-BE54-9A1E7A4F7556}") = "task05", "lesson02\task05\task05.csproj", "{D2B426AE-EF15-4311-A646-B860AE9EFB8E}"
EndProject
Project("{9A19103F-16F7-4668-BE54-9A1E7A4F7556}") = "task06", "lesson02\task06\task06.csproj", "{736971C7-67B6-483A-A8CA-A56C8636B3E3}"
EndProject
Project("{9A19103F-16F7-4668-BE54-9A1E7A4F7556}") = "task07", "lesson02\task07\task07.csproj", "{803DDB91-1108-4EA4-9DA1-E52F5AF6941E}"
EndProject
Project("{8BC9CEB8-8B4A-11D0-8D11-00A0C91BC942}") = "task06a", "lesson02\task06a\task06a.vcxproj", "{37A8B56A-D311-43B2-A71A-51111A0BEA8D}"
EndProject
Project("{2150E333-8FDC-42A3-9474-1A3956D46DE8}") = "lesson03", "lesson03", "{154535F2-6F51-4EBE-9A8B-ED396EA60715}"
EndProject
Project("{9A19103F-16F7-4668-BE54-9A1E7A4F7556}") = "task0301", "lesson03\task0301\task0301.csproj", "{EE7939FE-69FD-4589-A058-B375BB5E8B79}"
EndProject
Project("{9A19103F-16F7-4668-BE54-9A1E7A4F7556}") = "task0302", "lesson03\task0302\task0302.csproj", "{980635DC-B8BA-4953-89E8-C3EDF937FC27}"
EndProject
Project("{9A19103F-16F7-4668-BE54-9A1E7A4F7556}") = "task0303", "lesson03\task0303\task0303.csproj", "{21436410-BDA8-4ED7-9553-671AAE16FEAF}"
EndProject
Project("{2150E333-8FDC-42A3-9474-1A3956D46DE8}") = "lesson04", "lesson04", "{94E4D240-40AA-4326-82CE-5BA4EB565C6B}"
	ProjectSection(SolutionItems) = preProject
		account.txt = account.txt
		myarray.txt = myarray.txt
	EndProjectSection
EndProject
Project("{9A19103F-16F7-4668-BE54-9A1E7A4F7556}") = "task0401", "lesson04\task0401\task0401.csproj", "{6BAC77EB-6CB2-442E-82F9-76BF8A1D905E}"
EndProject
Project("{9A19103F-16F7-4668-BE54-9A1E7A4F7556}") = "task0402", "lesson04\task0402\task0402.csproj", "{B861E011-5C1A-439C-AB79-2B82ED16FDC8}"
EndProject
Project("{9A19103F-16F7-4668-BE54-9A1E7A4F7556}") = "task0403", "lesson04\task0403\task0403.csproj", "{CF0E1E88-48B0-4F9E-A11B-F2B66C0F9B71}"
EndProject
Project("{9A19103F-16F7-4668-BE54-9A1E7A4F7556}") = "task0404", "lesson04\task0404\task0404.csproj", "{2CBA2027-579F-4040-8C3E-EF63AB57BABA}"
EndProject
Project("{2150E333-8FDC-42A3-9474-1A3956D46DE8}") = "lesson05", "lesson05", "{28B261EE-E13B-4161-B22B-1EDE8C5DDE36}"
EndProject
Project("{9A19103F-16F7-4668-BE54-9A1E7A4F7556}") = "task0501", "lesson05\task0501\task0501.csproj", "{4D24C524-2E9F-4D37-96CC-DC6B1C6BC180}"
EndProject
Project("{2150E333-8FDC-42A3-9474-1A3956D46DE8}") = "UsefulMethods", "UsefulMethods", "{9EA58FC9-2E81-4523-B2AD-3FAA52B4FDDA}"
EndProject
Project("{9A19103F-16F7-4668-BE54-9A1E7A4F7556}") = "UseMethods", "UsefulMethods\UseMethods\UseMethods.csproj", "{0ADA7AE4-26AC-4578-9D5D-6EBC4D2E8F08}"
EndProject
Project("{9A19103F-16F7-4668-BE54-9A1E7A4F7556}") = "task0502", "lesson05\task0502\task0502.csproj", "{4BC1F051-8681-419C-BF79-CA7000B33A8C}"
EndProject
Project("{9A19103F-16F7-4668-BE54-9A1E7A4F7556}") = "task0503", "lesson05\task0503\task0503.csproj", "{3E51264C-BD16-4C3F-BBFD-2E3837AF18F6}"
EndProject
Project("{9A19103F-16F7-4668-BE54-9A1E7A4F7556}") = "task0504", "lesson05\task0504\task0504.csproj", "{076DE15B-2BF6-445B-BC99-F03C67C3C164}"
EndProject
Project("{2150E333-8FDC-42A3-9474-1A3956D46DE8}") = "lesson06", "lesson06", "{A6BFF0AA-9E49-4562-92D5-BE1F39DD0CC1}"
EndProject
Project("{FAE04EC0-301F-11D3-BF4B-00C04F79EFBC}") = "task0601", "lesson06\task0601\task0601.csproj", "{0AB2D7DB-F534-45BC-8482-130683397804}"
EndProject
Project("{FAE04EC0-301F-11D3-BF4B-00C04F79EFBC}") = "task0602", "lesson06\task0602\task0602.csproj", "{BE90E775-E62A-4539-98F0-7CCDF4D49B58}"
EndProject
Project("{FAE04EC0-301F-11D3-BF4B-00C04F79EFBC}") = "task0603", "lesson06\task0603\task0603.csproj", "{E819D504-5040-4FA4-8A73-94C328C71941}"
EndProject
Global
	GlobalSection(SolutionConfigurationPlatforms) = preSolution
		Debug|Any CPU = Debug|Any CPU
		Debug|x64 = Debug|x64
		Debug|x86 = Debug|x86
		Release|Any CPU = Release|Any CPU
		Release|x64 = Release|x64
		Release|x86 = Release|x86
	EndGlobalSection
	GlobalSection(ProjectConfigurationPlatforms) = postSolution
		{F0631EA2-EF80-4705-B903-F161D3E2DBDC}.Debug|Any CPU.ActiveCfg = Debug|Any CPU
		{F0631EA2-EF80-4705-B903-F161D3E2DBDC}.Debug|Any CPU.Build.0 = Debug|Any CPU
		{F0631EA2-EF80-4705-B903-F161D3E2DBDC}.Debug|x64.ActiveCfg = Debug|Any CPU
		{F0631EA2-EF80-4705-B903-F161D3E2DBDC}.Debug|x64.Build.0 = Debug|Any CPU
		{F0631EA2-EF80-4705-B903-F161D3E2DBDC}.Debug|x86.ActiveCfg = Debug|Any CPU
		{F0631EA2-EF80-4705-B903-F161D3E2DBDC}.Debug|x86.Build.0 = Debug|Any CPU
		{F0631EA2-EF80-4705-B903-F161D3E2DBDC}.Release|Any CPU.ActiveCfg = Release|Any CPU
		{F0631EA2-EF80-4705-B903-F161D3E2DBDC}.Release|Any CPU.Build.0 = Release|Any CPU
		{F0631EA2-EF80-4705-B903-F161D3E2DBDC}.Release|x64.ActiveCfg = Release|Any CPU
		{F0631EA2-EF80-4705-B903-F161D3E2DBDC}.Release|x64.Build.0 = Release|Any CPU
		{F0631EA2-EF80-4705-B903-F161D3E2DBDC}.Release|x86.ActiveCfg = Release|Any CPU
		{F0631EA2-EF80-4705-B903-F161D3E2DBDC}.Release|x86.Build.0 = Release|Any CPU
		{A93D7F94-6E6B-4C3E-8583-91FEF59B9D68}.Debug|Any CPU.ActiveCfg = Debug|Any CPU
		{A93D7F94-6E6B-4C3E-8583-91FEF59B9D68}.Debug|Any CPU.Build.0 = Debug|Any CPU
		{A93D7F94-6E6B-4C3E-8583-91FEF59B9D68}.Debug|x64.ActiveCfg = Debug|Any CPU
		{A93D7F94-6E6B-4C3E-8583-91FEF59B9D68}.Debug|x64.Build.0 = Debug|Any CPU
		{A93D7F94-6E6B-4C3E-8583-91FEF59B9D68}.Debug|x86.ActiveCfg = Debug|Any CPU
		{A93D7F94-6E6B-4C3E-8583-91FEF59B9D68}.Debug|x86.Build.0 = Debug|Any CPU
		{A93D7F94-6E6B-4C3E-8583-91FEF59B9D68}.Release|Any CPU.ActiveCfg = Release|Any CPU
		{A93D7F94-6E6B-4C3E-8583-91FEF59B9D68}.Release|Any CPU.Build.0 = Release|Any CPU
		{A93D7F94-6E6B-4C3E-8583-91FEF59B9D68}.Release|x64.ActiveCfg = Release|Any CPU
		{A93D7F94-6E6B-4C3E-8583-91FEF59B9D68}.Release|x64.Build.0 = Release|Any CPU
		{A93D7F94-6E6B-4C3E-8583-91FEF59B9D68}.Release|x86.ActiveCfg = Release|Any CPU
		{A93D7F94-6E6B-4C3E-8583-91FEF59B9D68}.Release|x86.Build.0 = Release|Any CPU
		{328C53B3-2BDA-412F-8C5C-ADB59E643CAA}.Debug|Any CPU.ActiveCfg = Debug|Any CPU
		{328C53B3-2BDA-412F-8C5C-ADB59E643CAA}.Debug|Any CPU.Build.0 = Debug|Any CPU
		{328C53B3-2BDA-412F-8C5C-ADB59E643CAA}.Debug|x64.ActiveCfg = Debug|Any CPU
		{328C53B3-2BDA-412F-8C5C-ADB59E643CAA}.Debug|x64.Build.0 = Debug|Any CPU
		{328C53B3-2BDA-412F-8C5C-ADB59E643CAA}.Debug|x86.ActiveCfg = Debug|Any CPU
		{328C53B3-2BDA-412F-8C5C-ADB59E643CAA}.Debug|x86.Build.0 = Debug|Any CPU
		{328C53B3-2BDA-412F-8C5C-ADB59E643CAA}.Release|Any CPU.ActiveCfg = Release|Any CPU
		{328C53B3-2BDA-412F-8C5C-ADB59E643CAA}.Release|Any CPU.Build.0 = Release|Any CPU
		{328C53B3-2BDA-412F-8C5C-ADB59E643CAA}.Release|x64.ActiveCfg = Release|Any CPU
		{328C53B3-2BDA-412F-8C5C-ADB59E643CAA}.Release|x64.Build.0 = Release|Any CPU
		{328C53B3-2BDA-412F-8C5C-ADB59E643CAA}.Release|x86.ActiveCfg = Release|Any CPU
		{328C53B3-2BDA-412F-8C5C-ADB59E643CAA}.Release|x86.Build.0 = Release|Any CPU
		{8BE91965-0C9A-4E79-A42B-A226E8777BB5}.Debug|Any CPU.ActiveCfg = Debug|Any CPU
		{8BE91965-0C9A-4E79-A42B-A226E8777BB5}.Debug|Any CPU.Build.0 = Debug|Any CPU
		{8BE91965-0C9A-4E79-A42B-A226E8777BB5}.Debug|x64.ActiveCfg = Debug|Any CPU
		{8BE91965-0C9A-4E79-A42B-A226E8777BB5}.Debug|x64.Build.0 = Debug|Any CPU
		{8BE91965-0C9A-4E79-A42B-A226E8777BB5}.Debug|x86.ActiveCfg = Debug|Any CPU
		{8BE91965-0C9A-4E79-A42B-A226E8777BB5}.Debug|x86.Build.0 = Debug|Any CPU
		{8BE91965-0C9A-4E79-A42B-A226E8777BB5}.Release|Any CPU.ActiveCfg = Release|Any CPU
		{8BE91965-0C9A-4E79-A42B-A226E8777BB5}.Release|Any CPU.Build.0 = Release|Any CPU
		{8BE91965-0C9A-4E79-A42B-A226E8777BB5}.Release|x64.ActiveCfg = Release|Any CPU
		{8BE91965-0C9A-4E79-A42B-A226E8777BB5}.Release|x64.Build.0 = Release|Any CPU
		{8BE91965-0C9A-4E79-A42B-A226E8777BB5}.Release|x86.ActiveCfg = Release|Any CPU
		{8BE91965-0C9A-4E79-A42B-A226E8777BB5}.Release|x86.Build.0 = Release|Any CPU
		{AA058B0D-8E9A-4267-98FE-9728E748D5E1}.Debug|Any CPU.ActiveCfg = Debug|Any CPU
		{AA058B0D-8E9A-4267-98FE-9728E748D5E1}.Debug|Any CPU.Build.0 = Debug|Any CPU
		{AA058B0D-8E9A-4267-98FE-9728E748D5E1}.Debug|x64.ActiveCfg = Debug|Any CPU
		{AA058B0D-8E9A-4267-98FE-9728E748D5E1}.Debug|x64.Build.0 = Debug|Any CPU
		{AA058B0D-8E9A-4267-98FE-9728E748D5E1}.Debug|x86.ActiveCfg = Debug|Any CPU
		{AA058B0D-8E9A-4267-98FE-9728E748D5E1}.Debug|x86.Build.0 = Debug|Any CPU
		{AA058B0D-8E9A-4267-98FE-9728E748D5E1}.Release|Any CPU.ActiveCfg = Release|Any CPU
		{AA058B0D-8E9A-4267-98FE-9728E748D5E1}.Release|Any CPU.Build.0 = Release|Any CPU
		{AA058B0D-8E9A-4267-98FE-9728E748D5E1}.Release|x64.ActiveCfg = Release|Any CPU
		{AA058B0D-8E9A-4267-98FE-9728E748D5E1}.Release|x64.Build.0 = Release|Any CPU
		{AA058B0D-8E9A-4267-98FE-9728E748D5E1}.Release|x86.ActiveCfg = Release|Any CPU
		{AA058B0D-8E9A-4267-98FE-9728E748D5E1}.Release|x86.Build.0 = Release|Any CPU
		{D2B426AE-EF15-4311-A646-B860AE9EFB8E}.Debug|Any CPU.ActiveCfg = Debug|Any CPU
		{D2B426AE-EF15-4311-A646-B860AE9EFB8E}.Debug|Any CPU.Build.0 = Debug|Any CPU
		{D2B426AE-EF15-4311-A646-B860AE9EFB8E}.Debug|x64.ActiveCfg = Debug|Any CPU
		{D2B426AE-EF15-4311-A646-B860AE9EFB8E}.Debug|x64.Build.0 = Debug|Any CPU
		{D2B426AE-EF15-4311-A646-B860AE9EFB8E}.Debug|x86.ActiveCfg = Debug|Any CPU
		{D2B426AE-EF15-4311-A646-B860AE9EFB8E}.Debug|x86.Build.0 = Debug|Any CPU
		{D2B426AE-EF15-4311-A646-B860AE9EFB8E}.Release|Any CPU.ActiveCfg = Release|Any CPU
		{D2B426AE-EF15-4311-A646-B860AE9EFB8E}.Release|Any CPU.Build.0 = Release|Any CPU
		{D2B426AE-EF15-4311-A646-B860AE9EFB8E}.Release|x64.ActiveCfg = Release|Any CPU
		{D2B426AE-EF15-4311-A646-B860AE9EFB8E}.Release|x64.Build.0 = Release|Any CPU
		{D2B426AE-EF15-4311-A646-B860AE9EFB8E}.Release|x86.ActiveCfg = Release|Any CPU
		{D2B426AE-EF15-4311-A646-B860AE9EFB8E}.Release|x86.Build.0 = Release|Any CPU
		{736971C7-67B6-483A-A8CA-A56C8636B3E3}.Debug|Any CPU.ActiveCfg = Debug|Any CPU
		{736971C7-67B6-483A-A8CA-A56C8636B3E3}.Debug|Any CPU.Build.0 = Debug|Any CPU
		{736971C7-67B6-483A-A8CA-A56C8636B3E3}.Debug|x64.ActiveCfg = Debug|Any CPU
		{736971C7-67B6-483A-A8CA-A56C8636B3E3}.Debug|x64.Build.0 = Debug|Any CPU
		{736971C7-67B6-483A-A8CA-A56C8636B3E3}.Debug|x86.ActiveCfg = Debug|Any CPU
		{736971C7-67B6-483A-A8CA-A56C8636B3E3}.Debug|x86.Build.0 = Debug|Any CPU
		{736971C7-67B6-483A-A8CA-A56C8636B3E3}.Release|Any CPU.ActiveCfg = Release|Any CPU
		{736971C7-67B6-483A-A8CA-A56C8636B3E3}.Release|Any CPU.Build.0 = Release|Any CPU
		{736971C7-67B6-483A-A8CA-A56C8636B3E3}.Release|x64.ActiveCfg = Release|Any CPU
		{736971C7-67B6-483A-A8CA-A56C8636B3E3}.Release|x64.Build.0 = Release|Any CPU
		{736971C7-67B6-483A-A8CA-A56C8636B3E3}.Release|x86.ActiveCfg = Release|Any CPU
		{736971C7-67B6-483A-A8CA-A56C8636B3E3}.Release|x86.Build.0 = Release|Any CPU
		{803DDB91-1108-4EA4-9DA1-E52F5AF6941E}.Debug|Any CPU.ActiveCfg = Debug|Any CPU
		{803DDB91-1108-4EA4-9DA1-E52F5AF6941E}.Debug|Any CPU.Build.0 = Debug|Any CPU
		{803DDB91-1108-4EA4-9DA1-E52F5AF6941E}.Debug|x64.ActiveCfg = Debug|Any CPU
		{803DDB91-1108-4EA4-9DA1-E52F5AF6941E}.Debug|x64.Build.0 = Debug|Any CPU
		{803DDB91-1108-4EA4-9DA1-E52F5AF6941E}.Debug|x86.ActiveCfg = Debug|Any CPU
		{803DDB91-1108-4EA4-9DA1-E52F5AF6941E}.Debug|x86.Build.0 = Debug|Any CPU
		{803DDB91-1108-4EA4-9DA1-E52F5AF6941E}.Release|Any CPU.ActiveCfg = Release|Any CPU
		{803DDB91-1108-4EA4-9DA1-E52F5AF6941E}.Release|Any CPU.Build.0 = Release|Any CPU
		{803DDB91-1108-4EA4-9DA1-E52F5AF6941E}.Release|x64.ActiveCfg = Release|Any CPU
		{803DDB91-1108-4EA4-9DA1-E52F5AF6941E}.Release|x64.Build.0 = Release|Any CPU
		{803DDB91-1108-4EA4-9DA1-E52F5AF6941E}.Release|x86.ActiveCfg = Release|Any CPU
		{803DDB91-1108-4EA4-9DA1-E52F5AF6941E}.Release|x86.Build.0 = Release|Any CPU
		{37A8B56A-D311-43B2-A71A-51111A0BEA8D}.Debug|Any CPU.ActiveCfg = Debug|Win32
		{37A8B56A-D311-43B2-A71A-51111A0BEA8D}.Debug|x64.ActiveCfg = Debug|x64
		{37A8B56A-D311-43B2-A71A-51111A0BEA8D}.Debug|x64.Build.0 = Debug|x64
		{37A8B56A-D311-43B2-A71A-51111A0BEA8D}.Debug|x86.ActiveCfg = Debug|Win32
		{37A8B56A-D311-43B2-A71A-51111A0BEA8D}.Debug|x86.Build.0 = Debug|Win32
		{37A8B56A-D311-43B2-A71A-51111A0BEA8D}.Release|Any CPU.ActiveCfg = Release|Win32
		{37A8B56A-D311-43B2-A71A-51111A0BEA8D}.Release|x64.ActiveCfg = Release|x64
		{37A8B56A-D311-43B2-A71A-51111A0BEA8D}.Release|x64.Build.0 = Release|x64
		{37A8B56A-D311-43B2-A71A-51111A0BEA8D}.Release|x86.ActiveCfg = Release|Win32
		{37A8B56A-D311-43B2-A71A-51111A0BEA8D}.Release|x86.Build.0 = Release|Win32
		{EE7939FE-69FD-4589-A058-B375BB5E8B79}.Debug|Any CPU.ActiveCfg = Debug|Any CPU
		{EE7939FE-69FD-4589-A058-B375BB5E8B79}.Debug|Any CPU.Build.0 = Debug|Any CPU
		{EE7939FE-69FD-4589-A058-B375BB5E8B79}.Debug|x64.ActiveCfg = Debug|Any CPU
		{EE7939FE-69FD-4589-A058-B375BB5E8B79}.Debug|x64.Build.0 = Debug|Any CPU
		{EE7939FE-69FD-4589-A058-B375BB5E8B79}.Debug|x86.ActiveCfg = Debug|Any CPU
		{EE7939FE-69FD-4589-A058-B375BB5E8B79}.Debug|x86.Build.0 = Debug|Any CPU
		{EE7939FE-69FD-4589-A058-B375BB5E8B79}.Release|Any CPU.ActiveCfg = Release|Any CPU
		{EE7939FE-69FD-4589-A058-B375BB5E8B79}.Release|Any CPU.Build.0 = Release|Any CPU
		{EE7939FE-69FD-4589-A058-B375BB5E8B79}.Release|x64.ActiveCfg = Release|Any CPU
		{EE7939FE-69FD-4589-A058-B375BB5E8B79}.Release|x64.Build.0 = Release|Any CPU
		{EE7939FE-69FD-4589-A058-B375BB5E8B79}.Release|x86.ActiveCfg = Release|Any CPU
		{EE7939FE-69FD-4589-A058-B375BB5E8B79}.Release|x86.Build.0 = Release|Any CPU
		{980635DC-B8BA-4953-89E8-C3EDF937FC27}.Debug|Any CPU.ActiveCfg = Debug|Any CPU
		{980635DC-B8BA-4953-89E8-C3EDF937FC27}.Debug|Any CPU.Build.0 = Debug|Any CPU
		{980635DC-B8BA-4953-89E8-C3EDF937FC27}.Debug|x64.ActiveCfg = Debug|Any CPU
		{980635DC-B8BA-4953-89E8-C3EDF937FC27}.Debug|x64.Build.0 = Debug|Any CPU
		{980635DC-B8BA-4953-89E8-C3EDF937FC27}.Debug|x86.ActiveCfg = Debug|Any CPU
		{980635DC-B8BA-4953-89E8-C3EDF937FC27}.Debug|x86.Build.0 = Debug|Any CPU
		{980635DC-B8BA-4953-89E8-C3EDF937FC27}.Release|Any CPU.ActiveCfg = Release|Any CPU
		{980635DC-B8BA-4953-89E8-C3EDF937FC27}.Release|Any CPU.Build.0 = Release|Any CPU
		{980635DC-B8BA-4953-89E8-C3EDF937FC27}.Release|x64.ActiveCfg = Release|Any CPU
		{980635DC-B8BA-4953-89E8-C3EDF937FC27}.Release|x64.Build.0 = Release|Any CPU
		{980635DC-B8BA-4953-89E8-C3EDF937FC27}.Release|x86.ActiveCfg = Release|Any CPU
		{980635DC-B8BA-4953-89E8-C3EDF937FC27}.Release|x86.Build.0 = Release|Any CPU
		{21436410-BDA8-4ED7-9553-671AAE16FEAF}.Debug|Any CPU.ActiveCfg = Debug|Any CPU
		{21436410-BDA8-4ED7-9553-671AAE16FEAF}.Debug|Any CPU.Build.0 = Debug|Any CPU
		{21436410-BDA8-4ED7-9553-671AAE16FEAF}.Debug|x64.ActiveCfg = Debug|Any CPU
		{21436410-BDA8-4ED7-9553-671AAE16FEAF}.Debug|x64.Build.0 = Debug|Any CPU
		{21436410-BDA8-4ED7-9553-671AAE16FEAF}.Debug|x86.ActiveCfg = Debug|Any CPU
		{21436410-BDA8-4ED7-9553-671AAE16FEAF}.Debug|x86.Build.0 = Debug|Any CPU
		{21436410-BDA8-4ED7-9553-671AAE16FEAF}.Release|Any CPU.ActiveCfg = Release|Any CPU
		{21436410-BDA8-4ED7-9553-671AAE16FEAF}.Release|Any CPU.Build.0 = Release|Any CPU
		{21436410-BDA8-4ED7-9553-671AAE16FEAF}.Release|x64.ActiveCfg = Release|Any CPU
		{21436410-BDA8-4ED7-9553-671AAE16FEAF}.Release|x64.Build.0 = Release|Any CPU
		{21436410-BDA8-4ED7-9553-671AAE16FEAF}.Release|x86.ActiveCfg = Release|Any CPU
		{21436410-BDA8-4ED7-9553-671AAE16FEAF}.Release|x86.Build.0 = Release|Any CPU
		{6BAC77EB-6CB2-442E-82F9-76BF8A1D905E}.Debug|Any CPU.ActiveCfg = Debug|Any CPU
		{6BAC77EB-6CB2-442E-82F9-76BF8A1D905E}.Debug|Any CPU.Build.0 = Debug|Any CPU
		{6BAC77EB-6CB2-442E-82F9-76BF8A1D905E}.Debug|x64.ActiveCfg = Debug|Any CPU
		{6BAC77EB-6CB2-442E-82F9-76BF8A1D905E}.Debug|x64.Build.0 = Debug|Any CPU
		{6BAC77EB-6CB2-442E-82F9-76BF8A1D905E}.Debug|x86.ActiveCfg = Debug|Any CPU
		{6BAC77EB-6CB2-442E-82F9-76BF8A1D905E}.Debug|x86.Build.0 = Debug|Any CPU
		{6BAC77EB-6CB2-442E-82F9-76BF8A1D905E}.Release|Any CPU.ActiveCfg = Release|Any CPU
		{6BAC77EB-6CB2-442E-82F9-76BF8A1D905E}.Release|Any CPU.Build.0 = Release|Any CPU
		{6BAC77EB-6CB2-442E-82F9-76BF8A1D905E}.Release|x64.ActiveCfg = Release|Any CPU
		{6BAC77EB-6CB2-442E-82F9-76BF8A1D905E}.Release|x64.Build.0 = Release|Any CPU
		{6BAC77EB-6CB2-442E-82F9-76BF8A1D905E}.Release|x86.ActiveCfg = Release|Any CPU
		{6BAC77EB-6CB2-442E-82F9-76BF8A1D905E}.Release|x86.Build.0 = Release|Any CPU
		{B861E011-5C1A-439C-AB79-2B82ED16FDC8}.Debug|Any CPU.ActiveCfg = Debug|Any CPU
		{B861E011-5C1A-439C-AB79-2B82ED16FDC8}.Debug|Any CPU.Build.0 = Debug|Any CPU
		{B861E011-5C1A-439C-AB79-2B82ED16FDC8}.Debug|x64.ActiveCfg = Debug|Any CPU
		{B861E011-5C1A-439C-AB79-2B82ED16FDC8}.Debug|x64.Build.0 = Debug|Any CPU
		{B861E011-5C1A-439C-AB79-2B82ED16FDC8}.Debug|x86.ActiveCfg = Debug|Any CPU
		{B861E011-5C1A-439C-AB79-2B82ED16FDC8}.Debug|x86.Build.0 = Debug|Any CPU
		{B861E011-5C1A-439C-AB79-2B82ED16FDC8}.Release|Any CPU.ActiveCfg = Release|Any CPU
		{B861E011-5C1A-439C-AB79-2B82ED16FDC8}.Release|Any CPU.Build.0 = Release|Any CPU
		{B861E011-5C1A-439C-AB79-2B82ED16FDC8}.Release|x64.ActiveCfg = Release|Any CPU
		{B861E011-5C1A-439C-AB79-2B82ED16FDC8}.Release|x64.Build.0 = Release|Any CPU
		{B861E011-5C1A-439C-AB79-2B82ED16FDC8}.Release|x86.ActiveCfg = Release|Any CPU
		{B861E011-5C1A-439C-AB79-2B82ED16FDC8}.Release|x86.Build.0 = Release|Any CPU
		{CF0E1E88-48B0-4F9E-A11B-F2B66C0F9B71}.Debug|Any CPU.ActiveCfg = Debug|Any CPU
		{CF0E1E88-48B0-4F9E-A11B-F2B66C0F9B71}.Debug|Any CPU.Build.0 = Debug|Any CPU
		{CF0E1E88-48B0-4F9E-A11B-F2B66C0F9B71}.Debug|x64.ActiveCfg = Debug|Any CPU
		{CF0E1E88-48B0-4F9E-A11B-F2B66C0F9B71}.Debug|x64.Build.0 = Debug|Any CPU
		{CF0E1E88-48B0-4F9E-A11B-F2B66C0F9B71}.Debug|x86.ActiveCfg = Debug|Any CPU
		{CF0E1E88-48B0-4F9E-A11B-F2B66C0F9B71}.Debug|x86.Build.0 = Debug|Any CPU
		{CF0E1E88-48B0-4F9E-A11B-F2B66C0F9B71}.Release|Any CPU.ActiveCfg = Release|Any CPU
		{CF0E1E88-48B0-4F9E-A11B-F2B66C0F9B71}.Release|Any CPU.Build.0 = Release|Any CPU
		{CF0E1E88-48B0-4F9E-A11B-F2B66C0F9B71}.Release|x64.ActiveCfg = Release|Any CPU
		{CF0E1E88-48B0-4F9E-A11B-F2B66C0F9B71}.Release|x64.Build.0 = Release|Any CPU
		{CF0E1E88-48B0-4F9E-A11B-F2B66C0F9B71}.Release|x86.ActiveCfg = Release|Any CPU
		{CF0E1E88-48B0-4F9E-A11B-F2B66C0F9B71}.Release|x86.Build.0 = Release|Any CPU
		{2CBA2027-579F-4040-8C3E-EF63AB57BABA}.Debug|Any CPU.ActiveCfg = Debug|Any CPU
		{2CBA2027-579F-4040-8C3E-EF63AB57BABA}.Debug|Any CPU.Build.0 = Debug|Any CPU
		{2CBA2027-579F-4040-8C3E-EF63AB57BABA}.Debug|x64.ActiveCfg = Debug|Any CPU
		{2CBA2027-579F-4040-8C3E-EF63AB57BABA}.Debug|x64.Build.0 = Debug|Any CPU
		{2CBA2027-579F-4040-8C3E-EF63AB57BABA}.Debug|x86.ActiveCfg = Debug|Any CPU
		{2CBA2027-579F-4040-8C3E-EF63AB57BABA}.Debug|x86.Build.0 = Debug|Any CPU
		{2CBA2027-579F-4040-8C3E-EF63AB57BABA}.Release|Any CPU.ActiveCfg = Release|Any CPU
		{2CBA2027-579F-4040-8C3E-EF63AB57BABA}.Release|Any CPU.Build.0 = Release|Any CPU
		{2CBA2027-579F-4040-8C3E-EF63AB57BABA}.Release|x64.ActiveCfg = Release|Any CPU
		{2CBA2027-579F-4040-8C3E-EF63AB57BABA}.Release|x64.Build.0 = Release|Any CPU
		{2CBA2027-579F-4040-8C3E-EF63AB57BABA}.Release|x86.ActiveCfg = Release|Any CPU
		{2CBA2027-579F-4040-8C3E-EF63AB57BABA}.Release|x86.Build.0 = Release|Any CPU
		{4D24C524-2E9F-4D37-96CC-DC6B1C6BC180}.Debug|Any CPU.ActiveCfg = Debug|Any CPU
		{4D24C524-2E9F-4D37-96CC-DC6B1C6BC180}.Debug|Any CPU.Build.0 = Debug|Any CPU
		{4D24C524-2E9F-4D37-96CC-DC6B1C6BC180}.Debug|x64.ActiveCfg = Debug|Any CPU
		{4D24C524-2E9F-4D37-96CC-DC6B1C6BC180}.Debug|x64.Build.0 = Debug|Any CPU
		{4D24C524-2E9F-4D37-96CC-DC6B1C6BC180}.Debug|x86.ActiveCfg = Debug|Any CPU
		{4D24C524-2E9F-4D37-96CC-DC6B1C6BC180}.Debug|x86.Build.0 = Debug|Any CPU
		{4D24C524-2E9F-4D37-96CC-DC6B1C6BC180}.Release|Any CPU.ActiveCfg = Release|Any CPU
		{4D24C524-2E9F-4D37-96CC-DC6B1C6BC180}.Release|Any CPU.Build.0 = Release|Any CPU
		{4D24C524-2E9F-4D37-96CC-DC6B1C6BC180}.Release|x64.ActiveCfg = Release|Any CPU
		{4D24C524-2E9F-4D37-96CC-DC6B1C6BC180}.Release|x64.Build.0 = Release|Any CPU
		{4D24C524-2E9F-4D37-96CC-DC6B1C6BC180}.Release|x86.ActiveCfg = Release|Any CPU
		{4D24C524-2E9F-4D37-96CC-DC6B1C6BC180}.Release|x86.Build.0 = Release|Any CPU
		{0ADA7AE4-26AC-4578-9D5D-6EBC4D2E8F08}.Debug|Any CPU.ActiveCfg = Debug|Any CPU
		{0ADA7AE4-26AC-4578-9D5D-6EBC4D2E8F08}.Debug|Any CPU.Build.0 = Debug|Any CPU
		{0ADA7AE4-26AC-4578-9D5D-6EBC4D2E8F08}.Debug|x64.ActiveCfg = Debug|Any CPU
		{0ADA7AE4-26AC-4578-9D5D-6EBC4D2E8F08}.Debug|x64.Build.0 = Debug|Any CPU
		{0ADA7AE4-26AC-4578-9D5D-6EBC4D2E8F08}.Debug|x86.ActiveCfg = Debug|Any CPU
		{0ADA7AE4-26AC-4578-9D5D-6EBC4D2E8F08}.Debug|x86.Build.0 = Debug|Any CPU
		{0ADA7AE4-26AC-4578-9D5D-6EBC4D2E8F08}.Release|Any CPU.ActiveCfg = Release|Any CPU
		{0ADA7AE4-26AC-4578-9D5D-6EBC4D2E8F08}.Release|Any CPU.Build.0 = Release|Any CPU
		{0ADA7AE4-26AC-4578-9D5D-6EBC4D2E8F08}.Release|x64.ActiveCfg = Release|Any CPU
		{0ADA7AE4-26AC-4578-9D5D-6EBC4D2E8F08}.Release|x64.Build.0 = Release|Any CPU
		{0ADA7AE4-26AC-4578-9D5D-6EBC4D2E8F08}.Release|x86.ActiveCfg = Release|Any CPU
		{0ADA7AE4-26AC-4578-9D5D-6EBC4D2E8F08}.Release|x86.Build.0 = Release|Any CPU
		{4BC1F051-8681-419C-BF79-CA7000B33A8C}.Debug|Any CPU.ActiveCfg = Debug|Any CPU
		{4BC1F051-8681-419C-BF79-CA7000B33A8C}.Debug|Any CPU.Build.0 = Debug|Any CPU
		{4BC1F051-8681-419C-BF79-CA7000B33A8C}.Debug|x64.ActiveCfg = Debug|Any CPU
		{4BC1F051-8681-419C-BF79-CA7000B33A8C}.Debug|x64.Build.0 = Debug|Any CPU
		{4BC1F051-8681-419C-BF79-CA7000B33A8C}.Debug|x86.ActiveCfg = Debug|Any CPU
		{4BC1F051-8681-419C-BF79-CA7000B33A8C}.Debug|x86.Build.0 = Debug|Any CPU
		{4BC1F051-8681-419C-BF79-CA7000B33A8C}.Release|Any CPU.ActiveCfg = Release|Any CPU
		{4BC1F051-8681-419C-BF79-CA7000B33A8C}.Release|Any CPU.Build.0 = Release|Any CPU
		{4BC1F051-8681-419C-BF79-CA7000B33A8C}.Release|x64.ActiveCfg = Release|Any CPU
		{4BC1F051-8681-419C-BF79-CA7000B33A8C}.Release|x64.Build.0 = Release|Any CPU
		{4BC1F051-8681-419C-BF79-CA7000B33A8C}.Release|x86.ActiveCfg = Release|Any CPU
		{4BC1F051-8681-419C-BF79-CA7000B33A8C}.Release|x86.Build.0 = Release|Any CPU
		{3E51264C-BD16-4C3F-BBFD-2E3837AF18F6}.Debug|Any CPU.ActiveCfg = Debug|Any CPU
		{3E51264C-BD16-4C3F-BBFD-2E3837AF18F6}.Debug|Any CPU.Build.0 = Debug|Any CPU
		{3E51264C-BD16-4C3F-BBFD-2E3837AF18F6}.Debug|x64.ActiveCfg = Debug|Any CPU
		{3E51264C-BD16-4C3F-BBFD-2E3837AF18F6}.Debug|x64.Build.0 = Debug|Any CPU
		{3E51264C-BD16-4C3F-BBFD-2E3837AF18F6}.Debug|x86.ActiveCfg = Debug|Any CPU
		{3E51264C-BD16-4C3F-BBFD-2E3837AF18F6}.Debug|x86.Build.0 = Debug|Any CPU
		{3E51264C-BD16-4C3F-BBFD-2E3837AF18F6}.Release|Any CPU.ActiveCfg = Release|Any CPU
		{3E51264C-BD16-4C3F-BBFD-2E3837AF18F6}.Release|Any CPU.Build.0 = Release|Any CPU
		{3E51264C-BD16-4C3F-BBFD-2E3837AF18F6}.Release|x64.ActiveCfg = Release|Any CPU
		{3E51264C-BD16-4C3F-BBFD-2E3837AF18F6}.Release|x64.Build.0 = Release|Any CPU
		{3E51264C-BD16-4C3F-BBFD-2E3837AF18F6}.Release|x86.ActiveCfg = Release|Any CPU
		{3E51264C-BD16-4C3F-BBFD-2E3837AF18F6}.Release|x86.Build.0 = Release|Any CPU
		{076DE15B-2BF6-445B-BC99-F03C67C3C164}.Debug|Any CPU.ActiveCfg = Debug|Any CPU
		{076DE15B-2BF6-445B-BC99-F03C67C3C164}.Debug|Any CPU.Build.0 = Debug|Any CPU
		{076DE15B-2BF6-445B-BC99-F03C67C3C164}.Debug|x64.ActiveCfg = Debug|Any CPU
		{076DE15B-2BF6-445B-BC99-F03C67C3C164}.Debug|x64.Build.0 = Debug|Any CPU
		{076DE15B-2BF6-445B-BC99-F03C67C3C164}.Debug|x86.ActiveCfg = Debug|Any CPU
		{076DE15B-2BF6-445B-BC99-F03C67C3C164}.Debug|x86.Build.0 = Debug|Any CPU
		{076DE15B-2BF6-445B-BC99-F03C67C3C164}.Release|Any CPU.ActiveCfg = Release|Any CPU
		{076DE15B-2BF6-445B-BC99-F03C67C3C164}.Release|Any CPU.Build.0 = Release|Any CPU
		{076DE15B-2BF6-445B-BC99-F03C67C3C164}.Release|x64.ActiveCfg = Release|Any CPU
		{076DE15B-2BF6-445B-BC99-F03C67C3C164}.Release|x64.Build.0 = Release|Any CPU
		{076DE15B-2BF6-445B-BC99-F03C67C3C164}.Release|x86.ActiveCfg = Release|Any CPU
		{076DE15B-2BF6-445B-BC99-F03C67C3C164}.Release|x86.Build.0 = Release|Any CPU
		{0AB2D7DB-F534-45BC-8482-130683397804}.Debug|Any CPU.ActiveCfg = Debug|Any CPU
		{0AB2D7DB-F534-45BC-8482-130683397804}.Debug|Any CPU.Build.0 = Debug|Any CPU
		{0AB2D7DB-F534-45BC-8482-130683397804}.Debug|x64.ActiveCfg = Debug|Any CPU
		{0AB2D7DB-F534-45BC-8482-130683397804}.Debug|x64.Build.0 = Debug|Any CPU
		{0AB2D7DB-F534-45BC-8482-130683397804}.Debug|x86.ActiveCfg = Debug|Any CPU
		{0AB2D7DB-F534-45BC-8482-130683397804}.Debug|x86.Build.0 = Debug|Any CPU
		{0AB2D7DB-F534-45BC-8482-130683397804}.Release|Any CPU.ActiveCfg = Release|Any CPU
		{0AB2D7DB-F534-45BC-8482-130683397804}.Release|Any CPU.Build.0 = Release|Any CPU
		{0AB2D7DB-F534-45BC-8482-130683397804}.Release|x64.ActiveCfg = Release|Any CPU
		{0AB2D7DB-F534-45BC-8482-130683397804}.Release|x64.Build.0 = Release|Any CPU
		{0AB2D7DB-F534-45BC-8482-130683397804}.Release|x86.ActiveCfg = Release|Any CPU
		{0AB2D7DB-F534-45BC-8482-130683397804}.Release|x86.Build.0 = Release|Any CPU
		{BE90E775-E62A-4539-98F0-7CCDF4D49B58}.Debug|Any CPU.ActiveCfg = Debug|Any CPU
		{BE90E775-E62A-4539-98F0-7CCDF4D49B58}.Debug|Any CPU.Build.0 = Debug|Any CPU
		{BE90E775-E62A-4539-98F0-7CCDF4D49B58}.Debug|x64.ActiveCfg = Debug|Any CPU
		{BE90E775-E62A-4539-98F0-7CCDF4D49B58}.Debug|x64.Build.0 = Debug|Any CPU
		{BE90E775-E62A-4539-98F0-7CCDF4D49B58}.Debug|x86.ActiveCfg = Debug|Any CPU
		{BE90E775-E62A-4539-98F0-7CCDF4D49B58}.Debug|x86.Build.0 = Debug|Any CPU
		{BE90E775-E62A-4539-98F0-7CCDF4D49B58}.Release|Any CPU.ActiveCfg = Release|Any CPU
		{BE90E775-E62A-4539-98F0-7CCDF4D49B58}.Release|Any CPU.Build.0 = Release|Any CPU
		{BE90E775-E62A-4539-98F0-7CCDF4D49B58}.Release|x64.ActiveCfg = Release|Any CPU
		{BE90E775-E62A-4539-98F0-7CCDF4D49B58}.Release|x64.Build.0 = Release|Any CPU
		{BE90E775-E62A-4539-98F0-7CCDF4D49B58}.Release|x86.ActiveCfg = Release|Any CPU
		{BE90E775-E62A-4539-98F0-7CCDF4D49B58}.Release|x86.Build.0 = Release|Any CPU
		{E819D504-5040-4FA4-8A73-94C328C71941}.Debug|Any CPU.ActiveCfg = Debug|Any CPU
		{E819D504-5040-4FA4-8A73-94C328C71941}.Debug|Any CPU.Build.0 = Debug|Any CPU
		{E819D504-5040-4FA4-8A73-94C328C71941}.Debug|x64.ActiveCfg = Debug|Any CPU
		{E819D504-5040-4FA4-8A73-94C328C71941}.Debug|x64.Build.0 = Debug|Any CPU
		{E819D504-5040-4FA4-8A73-94C328C71941}.Debug|x86.ActiveCfg = Debug|Any CPU
		{E819D504-5040-4FA4-8A73-94C328C71941}.Debug|x86.Build.0 = Debug|Any CPU
		{E819D504-5040-4FA4-8A73-94C328C71941}.Release|Any CPU.ActiveCfg = Release|Any CPU
		{E819D504-5040-4FA4-8A73-94C328C71941}.Release|Any CPU.Build.0 = Release|Any CPU
		{E819D504-5040-4FA4-8A73-94C328C71941}.Release|x64.ActiveCfg = Release|Any CPU
		{E819D504-5040-4FA4-8A73-94C328C71941}.Release|x64.Build.0 = Release|Any CPU
		{E819D504-5040-4FA4-8A73-94C328C71941}.Release|x86.ActiveCfg = Release|Any CPU
		{E819D504-5040-4FA4-8A73-94C328C71941}.Release|x86.Build.0 = Release|Any CPU
	EndGlobalSection
	GlobalSection(SolutionProperties) = preSolution
		HideSolutionNode = FALSE
	EndGlobalSection
	GlobalSection(NestedProjects) = preSolution
		{F0631EA2-EF80-4705-B903-F161D3E2DBDC} = {E9F45C4E-B0B4-4699-B6A8-C3C180FD0970}
		{A93D7F94-6E6B-4C3E-8583-91FEF59B9D68} = {458E59EE-2DF7-4CF9-9FAE-1118DEBDEF07}
		{328C53B3-2BDA-412F-8C5C-ADB59E643CAA} = {E9F45C4E-B0B4-4699-B6A8-C3C180FD0970}
		{8BE91965-0C9A-4E79-A42B-A226E8777BB5} = {E9F45C4E-B0B4-4699-B6A8-C3C180FD0970}
		{AA058B0D-8E9A-4267-98FE-9728E748D5E1} = {E9F45C4E-B0B4-4699-B6A8-C3C180FD0970}
		{D2B426AE-EF15-4311-A646-B860AE9EFB8E} = {E9F45C4E-B0B4-4699-B6A8-C3C180FD0970}
		{736971C7-67B6-483A-A8CA-A56C8636B3E3} = {E9F45C4E-B0B4-4699-B6A8-C3C180FD0970}
		{803DDB91-1108-4EA4-9DA1-E52F5AF6941E} = {E9F45C4E-B0B4-4699-B6A8-C3C180FD0970}
		{37A8B56A-D311-43B2-A71A-51111A0BEA8D} = {E9F45C4E-B0B4-4699-B6A8-C3C180FD0970}
		{EE7939FE-69FD-4589-A058-B375BB5E8B79} = {154535F2-6F51-4EBE-9A8B-ED396EA60715}
		{980635DC-B8BA-4953-89E8-C3EDF937FC27} = {154535F2-6F51-4EBE-9A8B-ED396EA60715}
		{21436410-BDA8-4ED7-9553-671AAE16FEAF} = {154535F2-6F51-4EBE-9A8B-ED396EA60715}
		{6BAC77EB-6CB2-442E-82F9-76BF8A1D905E} = {94E4D240-40AA-4326-82CE-5BA4EB565C6B}
		{B861E011-5C1A-439C-AB79-2B82ED16FDC8} = {94E4D240-40AA-4326-82CE-5BA4EB565C6B}
		{CF0E1E88-48B0-4F9E-A11B-F2B66C0F9B71} = {94E4D240-40AA-4326-82CE-5BA4EB565C6B}
		{2CBA2027-579F-4040-8C3E-EF63AB57BABA} = {94E4D240-40AA-4326-82CE-5BA4EB565C6B}
		{4D24C524-2E9F-4D37-96CC-DC6B1C6BC180} = {28B261EE-E13B-4161-B22B-1EDE8C5DDE36}
		{0ADA7AE4-26AC-4578-9D5D-6EBC4D2E8F08} = {9EA58FC9-2E81-4523-B2AD-3FAA52B4FDDA}
		{4BC1F051-8681-419C-BF79-CA7000B33A8C} = {28B261EE-E13B-4161-B22B-1EDE8C5DDE36}
		{3E51264C-BD16-4C3F-BBFD-2E3837AF18F6} = {28B261EE-E13B-4161-B22B-1EDE8C5DDE36}
		{076DE15B-2BF6-445B-BC99-F03C67C3C164} = {28B261EE-E13B-4161-B22B-1EDE8C5DDE36}
		{0AB2D7DB-F534-45BC-8482-130683397804} = {A6BFF0AA-9E49-4562-92D5-BE1F39DD0CC1}
		{BE90E775-E62A-4539-98F0-7CCDF4D49B58} = {A6BFF0AA-9E49-4562-92D5-BE1F39DD0CC1}
		{E819D504-5040-4FA4-8A73-94C328C71941} = {A6BFF0AA-9E49-4562-92D5-BE1F39DD0CC1}
	EndGlobalSection
	GlobalSection(ExtensibilityGlobals) = postSolution
		SolutionGuid = {4A56D6BC-D6E9-4D3A-B237-56B434F9C964}
	EndGlobalSection
EndGlobal
